
Microsoft Visual Studio Solution File, Format Version 12.00
# Visual Studio Express 2012 for Web
Project("{FAE04EC0-301F-11D3-BF4B-00C04F79EFBC}") = "License1", "License1\License1.csproj", "{AF07E487-B7D8-4E4A-A1B0-A9268064AF37}"
EndProject
Project("{FAE04EC0-301F-11D3-BF4B-00C04F79EFBC}") = "License1.Tests", "License1.Tests\License1.Tests.csproj", "{6EF3EC74-9E2E-425B-81FD-1164C06482A1}"
EndProject
Global
	GlobalSection(SolutionConfigurationPlatforms) = preSolution
		Debug|Any CPU = Debug|Any CPU
		Release|Any CPU = Release|Any CPU
	EndGlobalSection
	GlobalSection(ProjectConfigurationPlatforms) = postSolution
		{AF07E487-B7D8-4E4A-A1B0-A9268064AF37}.Debug|Any CPU.ActiveCfg = Debug|Any CPU
		{AF07E487-B7D8-4E4A-A1B0-A9268064AF37}.Debug|Any CPU.Build.0 = Debug|Any CPU
		{AF07E487-B7D8-4E4A-A1B0-A9268064AF37}.Release|Any CPU.ActiveCfg = Release|Any CPU
		{AF07E487-B7D8-4E4A-A1B0-A9268064AF37}.Release|Any CPU.Build.0 = Release|Any CPU
		{6EF3EC74-9E2E-425B-81FD-1164C06482A1}.Debug|Any CPU.ActiveCfg = Debug|Any CPU
		{6EF3EC74-9E2E-425B-81FD-1164C06482A1}.Debug|Any CPU.Build.0 = Debug|Any CPU
		{6EF3EC74-9E2E-425B-81FD-1164C06482A1}.Release|Any CPU.ActiveCfg = Release|Any CPU
		{6EF3EC74-9E2E-425B-81FD-1164C06482A1}.Release|Any CPU.Build.0 = Release|Any CPU
	EndGlobalSection
	GlobalSection(SolutionProperties) = preSolution
		HideSolutionNode = FALSE
	EndGlobalSection
EndGlobal
